
Microsoft Visual Studio Solution File, Format Version 12.00
# Visual Studio 15
VisualStudioVersion = 15.0.26228.9
MinimumVisualStudioVersion = 10.0.40219.1
Project("{FAE04EC0-301F-11D3-BF4B-00C04F79EFBC}") = "ARSoft.Tools.Net", "ARSoft.Tools.Net\ARSoft.Tools.Net.csproj", "{65BFA748-C640-49B0-B506-34BBB165233A}"
EndProject
Project("{9A19103F-16F7-4668-BE54-9A1E7A4F7556}") = "ARSoft.CoreFX.Tools.Net", "ARSoft.CoreFX.Tools.Net\ARSoft.CoreFX.Tools.Net.csproj", "{9C3C1C83-31B8-415C-BB60-EDEEEF2834EF}"
EndProject
Project("{9A19103F-16F7-4668-BE54-9A1E7A4F7556}") = "BouncyCastle", "BouncyCastle\BouncyCastle.csproj", "{20DB2560-4C69-4581-B66F-4E425A7420F0}"
EndProject
Project("{9A19103F-16F7-4668-BE54-9A1E7A4F7556}") = "ArsoftTestServer", "ArsoftTestServer\ArsoftTestServer.csproj", "{652F6442-1917-4623-B1E1-DCAC1707AA18}"
EndProject
Project("{FAE04EC0-301F-11D3-BF4B-00C04F79EFBC}") = "DnsDig", "DnsDig\DnsDig.csproj", "{B1EACF94-22A9-4C47-9BE5-33332E39E07B}"
EndProject
Project("{FAE04EC0-301F-11D3-BF4B-00C04F79EFBC}") = "NetCoreTestApplication", "NetCoreTestApplication\NetCoreTestApplication.csproj", "{7E58AB07-FBC9-42FE-A1E0-6DC1FEE93113}"
EndProject
Global
	GlobalSection(SolutionConfigurationPlatforms) = preSolution
		Debug|Any CPU = Debug|Any CPU
		Release|Any CPU = Release|Any CPU
	EndGlobalSection
	GlobalSection(ProjectConfigurationPlatforms) = postSolution
		{65BFA748-C640-49B0-B506-34BBB165233A}.Debug|Any CPU.ActiveCfg = Debug|Any CPU
		{65BFA748-C640-49B0-B506-34BBB165233A}.Debug|Any CPU.Build.0 = Debug|Any CPU
		{65BFA748-C640-49B0-B506-34BBB165233A}.Release|Any CPU.ActiveCfg = Release|Any CPU
		{65BFA748-C640-49B0-B506-34BBB165233A}.Release|Any CPU.Build.0 = Release|Any CPU
		{9C3C1C83-31B8-415C-BB60-EDEEEF2834EF}.Debug|Any CPU.ActiveCfg = Debug|Any CPU
		{9C3C1C83-31B8-415C-BB60-EDEEEF2834EF}.Debug|Any CPU.Build.0 = Debug|Any CPU
		{9C3C1C83-31B8-415C-BB60-EDEEEF2834EF}.Release|Any CPU.ActiveCfg = Release|Any CPU
		{9C3C1C83-31B8-415C-BB60-EDEEEF2834EF}.Release|Any CPU.Build.0 = Release|Any CPU
		{20DB2560-4C69-4581-B66F-4E425A7420F0}.Debug|Any CPU.ActiveCfg = Debug|Any CPU
		{20DB2560-4C69-4581-B66F-4E425A7420F0}.Debug|Any CPU.Build.0 = Debug|Any CPU
		{20DB2560-4C69-4581-B66F-4E425A7420F0}.Release|Any CPU.ActiveCfg = Release|Any CPU
		{20DB2560-4C69-4581-B66F-4E425A7420F0}.Release|Any CPU.Build.0 = Release|Any CPU
		{652F6442-1917-4623-B1E1-DCAC1707AA18}.Debug|Any CPU.ActiveCfg = Debug|Any CPU
		{652F6442-1917-4623-B1E1-DCAC1707AA18}.Debug|Any CPU.Build.0 = Debug|Any CPU
		{652F6442-1917-4623-B1E1-DCAC1707AA18}.Release|Any CPU.ActiveCfg = Release|Any CPU
		{652F6442-1917-4623-B1E1-DCAC1707AA18}.Release|Any CPU.Build.0 = Release|Any CPU
		{B1EACF94-22A9-4C47-9BE5-33332E39E07B}.Debug|Any CPU.ActiveCfg = Debug|Any CPU
		{B1EACF94-22A9-4C47-9BE5-33332E39E07B}.Debug|Any CPU.Build.0 = Debug|Any CPU
		{B1EACF94-22A9-4C47-9BE5-33332E39E07B}.Release|Any CPU.ActiveCfg = Release|Any CPU
		{B1EACF94-22A9-4C47-9BE5-33332E39E07B}.Release|Any CPU.Build.0 = Release|Any CPU
		{7E58AB07-FBC9-42FE-A1E0-6DC1FEE93113}.Debug|Any CPU.ActiveCfg = Debug|Any CPU
		{7E58AB07-FBC9-42FE-A1E0-6DC1FEE93113}.Debug|Any CPU.Build.0 = Debug|Any CPU
		{7E58AB07-FBC9-42FE-A1E0-6DC1FEE93113}.Release|Any CPU.ActiveCfg = Release|Any CPU
		{7E58AB07-FBC9-42FE-A1E0-6DC1FEE93113}.Release|Any CPU.Build.0 = Release|Any CPU
	EndGlobalSection
	GlobalSection(SolutionProperties) = preSolution
		HideSolutionNode = FALSE
	EndGlobalSection
EndGlobal
